// !$*UTF8*$!
{
	archiveVersion = 1;
	classes = {
	};
	objectVersion = 50;
	objects = {

/* Begin PBXBuildFile section */
		7EC2EA8320D73D4900DF5946 /* AppDelegate.swift in Sources */ = {isa = PBXBuildFile; fileRef = 7EC2EA8220D73D4900DF5946 /* AppDelegate.swift */; };
		7EC2EA8820D73D4900DF5946 /* Main.storyboard in Resources */ = {isa = PBXBuildFile; fileRef = 7EC2EA8620D73D4900DF5946 /* Main.storyboard */; };
		7EC2EA8A20D73D4A00DF5946 /* Assets.xcassets in Resources */ = {isa = PBXBuildFile; fileRef = 7EC2EA8920D73D4A00DF5946 /* Assets.xcassets */; };
		7EC2EA8D20D73D4A00DF5946 /* LaunchScreen.storyboard in Resources */ = {isa = PBXBuildFile; fileRef = 7EC2EA8B20D73D4A00DF5946 /* LaunchScreen.storyboard */; };
		7EC2EA9720D73D5800DF5946 /* CloudKit.framework in Frameworks */ = {isa = PBXBuildFile; fileRef = 7EC2EA9620D73D5800DF5946 /* CloudKit.framework */; };
		7EC2EA9F20D73E6300DF5946 /* Contact.swift in Sources */ = {isa = PBXBuildFile; fileRef = 7EC2EA9E20D73E6300DF5946 /* Contact.swift */; };
		7EC2EAA120D7422900DF5946 /* ContactController.swift in Sources */ = {isa = PBXBuildFile; fileRef = 7EC2EAA020D7422900DF5946 /* ContactController.swift */; };
		7EC2EAA320D74A7A00DF5946 /* ContactListTableViewController.swift in Sources */ = {isa = PBXBuildFile; fileRef = 7EC2EAA220D74A7A00DF5946 /* ContactListTableViewController.swift */; };
		7EC2EAA520D74A9F00DF5946 /* ContactDetailViewController.swift in Sources */ = {isa = PBXBuildFile; fileRef = 7EC2EAA420D74A9F00DF5946 /* ContactDetailViewController.swift */; };
/* End PBXBuildFile section */

/* Begin PBXFileReference section */
		7EC2EA7F20D73D4900DF5946 /* Contacts2.app */ = {isa = PBXFileReference; explicitFileType = wrapper.application; includeInIndex = 0; path = Contacts2.app; sourceTree = BUILT_PRODUCTS_DIR; };
		7EC2EA8220D73D4900DF5946 /* AppDelegate.swift */ = {isa = PBXFileReference; lastKnownFileType = sourcecode.swift; path = AppDelegate.swift; sourceTree = "<group>"; };
		7EC2EA8720D73D4900DF5946 /* Base */ = {isa = PBXFileReference; lastKnownFileType = file.storyboard; name = Base; path = Base.lproj/Main.storyboard; sourceTree = "<group>"; };
		7EC2EA8920D73D4A00DF5946 /* Assets.xcassets */ = {isa = PBXFileReference; lastKnownFileType = folder.assetcatalog; path = Assets.xcassets; sourceTree = "<group>"; };
		7EC2EA8C20D73D4A00DF5946 /* Base */ = {isa = PBXFileReference; lastKnownFileType = file.storyboard; name = Base; path = Base.lproj/LaunchScreen.storyboard; sourceTree = "<group>"; };
		7EC2EA8E20D73D4A00DF5946 /* Info.plist */ = {isa = PBXFileReference; lastKnownFileType = text.plist.xml; path = Info.plist; sourceTree = "<group>"; };
		7EC2EA9420D73D5500DF5946 /* Contacts2.entitlements */ = {isa = PBXFileReference; lastKnownFileType = text.plist.entitlements; path = Contacts2.entitlements; sourceTree = "<group>"; };
		7EC2EA9620D73D5800DF5946 /* CloudKit.framework */ = {isa = PBXFileReference; lastKnownFileType = wrapper.framework; name = CloudKit.framework; path = System/Library/Frameworks/CloudKit.framework; sourceTree = SDKROOT; };
		7EC2EA9E20D73E6300DF5946 /* Contact.swift */ = {isa = PBXFileReference; lastKnownFileType = sourcecode.swift; path = Contact.swift; sourceTree = "<group>"; };
		7EC2EAA020D7422900DF5946 /* ContactController.swift */ = {isa = PBXFileReference; lastKnownFileType = sourcecode.swift; path = ContactController.swift; sourceTree = "<group>"; };
		7EC2EAA220D74A7A00DF5946 /* ContactListTableViewController.swift */ = {isa = PBXFileReference; lastKnownFileType = sourcecode.swift; path = ContactListTableViewController.swift; sourceTree = "<group>"; };
		7EC2EAA420D74A9F00DF5946 /* ContactDetailViewController.swift */ = {isa = PBXFileReference; lastKnownFileType = sourcecode.swift; path = ContactDetailViewController.swift; sourceTree = "<group>"; };
/* End PBXFileReference section */

/* Begin PBXFrameworksBuildPhase section */
		7EC2EA7C20D73D4900DF5946 /* Frameworks */ = {
			isa = PBXFrameworksBuildPhase;
			buildActionMask = 2147483647;
			files = (
				7EC2EA9720D73D5800DF5946 /* CloudKit.framework in Frameworks */,
			);
			runOnlyForDeploymentPostprocessing = 0;
		};
/* End PBXFrameworksBuildPhase section */

/* Begin PBXGroup section */
		7EC2EA7620D73D4900DF5946 = {
			isa = PBXGroup;
			children = (
				7EC2EA8120D73D4900DF5946 /* Contacts2 */,
				7EC2EA8020D73D4900DF5946 /* Products */,
				7EC2EA9520D73D5800DF5946 /* Frameworks */,
			);
			sourceTree = "<group>";
		};
		7EC2EA8020D73D4900DF5946 /* Products */ = {
			isa = PBXGroup;
			children = (
				7EC2EA7F20D73D4900DF5946 /* Contacts2.app */,
			);
			name = Products;
			sourceTree = "<group>";
		};
		7EC2EA8120D73D4900DF5946 /* Contacts2 */ = {
			isa = PBXGroup;
			children = (
				7EC2EA9D20D73DA100DF5946 /* Model */,
				7EC2EA9C20D73D9D00DF5946 /* ModelController */,
				7EC2EA9B20D73D9A00DF5946 /* ViewController */,
				7EC2EA9A20D73D9600DF5946 /* View */,
				7EC2EA9920D73D8800DF5946 /* Resources */,
				7EC2EA9420D73D5500DF5946 /* Contacts2.entitlements */,
			);
			path = Contacts2;
			sourceTree = "<group>";
		};
		7EC2EA9520D73D5800DF5946 /* Frameworks */ = {
			isa = PBXGroup;
			children = (
				7EC2EA9620D73D5800DF5946 /* CloudKit.framework */,
			);
			name = Frameworks;
			sourceTree = "<group>";
		};
		7EC2EA9820D73D7A00DF5946 /* Storyboard */ = {
			isa = PBXGroup;
			children = (
				7EC2EA8620D73D4900DF5946 /* Main.storyboard */,
				7EC2EA8B20D73D4A00DF5946 /* LaunchScreen.storyboard */,
			);
			path = Storyboard;
			sourceTree = "<group>";
		};
		7EC2EA9920D73D8800DF5946 /* Resources */ = {
			isa = PBXGroup;
			children = (
				7EC2EA9820D73D7A00DF5946 /* Storyboard */,
				7EC2EA8220D73D4900DF5946 /* AppDelegate.swift */,
				7EC2EA8920D73D4A00DF5946 /* Assets.xcassets */,
				7EC2EA8E20D73D4A00DF5946 /* Info.plist */,
			);
			path = Resources;
			sourceTree = "<group>";
		};
		7EC2EA9A20D73D9600DF5946 /* View */ = {
			isa = PBXGroup;
			children = (
			);
			path = View;
			sourceTree = "<group>";
		};
		7EC2EA9B20D73D9A00DF5946 /* ViewController */ = {
			isa = PBXGroup;
			children = (
				7EC2EAA220D74A7A00DF5946 /* ContactListTableViewController.swift */,
				7EC2EAA420D74A9F00DF5946 /* ContactDetailViewController.swift */,
			);
			path = ViewController;
			sourceTree = "<group>";
		};
		7EC2EA9C20D73D9D00DF5946 /* ModelController */ = {
			isa = PBXGroup;
			children = (
				7EC2EAA020D7422900DF5946 /* ContactController.swift */,
			);
			path = ModelController;
			sourceTree = "<group>";
		};
		7EC2EA9D20D73DA100DF5946 /* Model */ = {
			isa = PBXGroup;
			children = (
				7EC2EA9E20D73E6300DF5946 /* Contact.swift */,
			);
			path = Model;
			sourceTree = "<group>";
		};
/* End PBXGroup section */

/* Begin PBXNativeTarget section */
		7EC2EA7E20D73D4900DF5946 /* Contacts2 */ = {
			isa = PBXNativeTarget;
			buildConfigurationList = 7EC2EA9120D73D4A00DF5946 /* Build configuration list for PBXNativeTarget "Contacts2" */;
			buildPhases = (
				7EC2EA7B20D73D4900DF5946 /* Sources */,
				7EC2EA7C20D73D4900DF5946 /* Frameworks */,
				7EC2EA7D20D73D4900DF5946 /* Resources */,
			);
			buildRules = (
			);
			dependencies = (
			);
			name = Contacts2;
			productName = Contacts2;
			productReference = 7EC2EA7F20D73D4900DF5946 /* Contacts2.app */;
			productType = "com.apple.product-type.application";
		};
/* End PBXNativeTarget section */

/* Begin PBXProject section */
		7EC2EA7720D73D4900DF5946 /* Project object */ = {
			isa = PBXProject;
			attributes = {
				LastSwiftUpdateCheck = 0940;
				LastUpgradeCheck = 0940;
				ORGANIZATIONNAME = "Adam Moskovich";
				TargetAttributes = {
					7EC2EA7E20D73D4900DF5946 = {
						CreatedOnToolsVersion = 9.4;
						SystemCapabilities = {
							com.apple.Push = {
								enabled = 0;
							};
							com.apple.iCloud = {
								enabled = 1;
							};
						};
					};
				};
			};
			buildConfigurationList = 7EC2EA7A20D73D4900DF5946 /* Build configuration list for PBXProject "Contacts2" */;
			compatibilityVersion = "Xcode 9.3";
			developmentRegion = en;
			hasScannedForEncodings = 0;
			knownRegions = (
				en,
				Base,
			);
			mainGroup = 7EC2EA7620D73D4900DF5946;
			productRefGroup = 7EC2EA8020D73D4900DF5946 /* Products */;
			projectDirPath = "";
			projectRoot = "";
			targets = (
				7EC2EA7E20D73D4900DF5946 /* Contacts2 */,
			);
		};
/* End PBXProject section */

/* Begin PBXResourcesBuildPhase section */
		7EC2EA7D20D73D4900DF5946 /* Resources */ = {
			isa = PBXResourcesBuildPhase;
			buildActionMask = 2147483647;
			files = (
				7EC2EA8D20D73D4A00DF5946 /* LaunchScreen.storyboard in Resources */,
				7EC2EA8A20D73D4A00DF5946 /* Assets.xcassets in Resources */,
				7EC2EA8820D73D4900DF5946 /* Main.storyboard in Resources */,
			);
			runOnlyForDeploymentPostprocessing = 0;
		};
/* End PBXResourcesBuildPhase section */

/* Begin PBXSourcesBuildPhase section */
		7EC2EA7B20D73D4900DF5946 /* Sources */ = {
			isa = PBXSourcesBuildPhase;
			buildActionMask = 2147483647;
			files = (
				7EC2EA9F20D73E6300DF5946 /* Contact.swift in Sources */,
				7EC2EAA520D74A9F00DF5946 /* ContactDetailViewController.swift in Sources */,
				7EC2EA8320D73D4900DF5946 /* AppDelegate.swift in Sources */,
				7EC2EAA320D74A7A00DF5946 /* ContactListTableViewController.swift in Sources */,
				7EC2EAA120D7422900DF5946 /* ContactController.swift in Sources */,
			);
			runOnlyForDeploymentPostprocessing = 0;
		};
/* End PBXSourcesBuildPhase section */

/* Begin PBXVariantGroup section */
		7EC2EA8620D73D4900DF5946 /* Main.storyboard */ = {
			isa = PBXVariantGroup;
			children = (
				7EC2EA8720D73D4900DF5946 /* Base */,
			);
			name = Main.storyboard;
			sourceTree = "<group>";
		};
		7EC2EA8B20D73D4A00DF5946 /* LaunchScreen.storyboard */ = {
			isa = PBXVariantGroup;
			children = (
				7EC2EA8C20D73D4A00DF5946 /* Base */,
			);
			name = LaunchScreen.storyboard;
			sourceTree = "<group>";
		};
/* End PBXVariantGroup section */

/* Begin XCBuildConfiguration section */
		7EC2EA8F20D73D4A00DF5946 /* Debug */ = {
			isa = XCBuildConfiguration;
			buildSettings = {
				ALWAYS_SEARCH_USER_PATHS = NO;
				CLANG_ANALYZER_NONNULL = YES;
				CLANG_ANALYZER_NUMBER_OBJECT_CONVERSION = YES_AGGRESSIVE;
				CLANG_CXX_LANGUAGE_STANDARD = "gnu++14";
				CLANG_CXX_LIBRARY = "libc++";
				CLANG_ENABLE_MODULES = YES;
				CLANG_ENABLE_OBJC_ARC = YES;
				CLANG_ENABLE_OBJC_WEAK = YES;
				CLANG_WARN_BLOCK_CAPTURE_AUTORELEASING = YES;
				CLANG_WARN_BOOL_CONVERSION = YES;
				CLANG_WARN_COMMA = YES;
				CLANG_WARN_CONSTANT_CONVERSION = YES;
				CLANG_WARN_DEPRECATED_OBJC_IMPLEMENTATIONS = YES;
				CLANG_WARN_DIRECT_OBJC_ISA_USAGE = YES_ERROR;
				CLANG_WARN_DOCUMENTATION_COMMENTS = YES;
				CLANG_WARN_EMPTY_BODY = YES;
				CLANG_WARN_ENUM_CONVERSION = YES;
				CLANG_WARN_INFINITE_RECURSION = YES;
				CLANG_WARN_INT_CONVERSION = YES;
				CLANG_WARN_NON_LITERAL_NULL_CONVERSION = YES;
				CLANG_WARN_OBJC_IMPLICIT_RETAIN_SELF = YES;
				CLANG_WARN_OBJC_LITERAL_CONVERSION = YES;
				CLANG_WARN_OBJC_ROOT_CLASS = YES_ERROR;
				CLANG_WARN_RANGE_LOOP_ANALYSIS = YES;
				CLANG_WARN_STRICT_PROTOTYPES = YES;
				CLANG_WARN_SUSPICIOUS_MOVE = YES;
				CLANG_WARN_UNGUARDED_AVAILABILITY = YES_AGGRESSIVE;
				CLANG_WARN_UNREACHABLE_CODE = YES;
				CLANG_WARN__DUPLICATE_METHOD_MATCH = YES;
				CODE_SIGN_IDENTITY = "iPhone Developer";
				COPY_PHASE_STRIP = NO;
				DEBUG_INFORMATION_FORMAT = dwarf;
				ENABLE_STRICT_OBJC_MSGSEND = YES;
				ENABLE_TESTABILITY = YES;
				GCC_C_LANGUAGE_STANDARD = gnu11;
				GCC_DYNAMIC_NO_PIC = NO;
				GCC_NO_COMMON_BLOCKS = YES;
				GCC_OPTIMIZATION_LEVEL = 0;
				GCC_PREPROCESSOR_DEFINITIONS = (
					"DEBUG=1",
					"$(inherited)",
				);
				GCC_WARN_64_TO_32_BIT_CONVERSION = YES;
				GCC_WARN_ABOUT_RETURN_TYPE = YES_ERROR;
				GCC_WARN_UNDECLARED_SELECTOR = YES;
				GCC_WARN_UNINITIALIZED_AUTOS = YES_AGGRESSIVE;
				GCC_WARN_UNUSED_FUNCTION = YES;
				GCC_WARN_UNUSED_VARIABLE = YES;
				IPHONEOS_DEPLOYMENT_TARGET = 11.4;
				MTL_ENABLE_DEBUG_INFO = YES;
				ONLY_ACTIVE_ARCH = YES;
				SDKROOT = iphoneos;
				SWIFT_ACTIVE_COMPILATION_CONDITIONS = DEBUG;
				SWIFT_OPTIMIZATION_LEVEL = "-Onone";
			};
			name = Debug;
		};
		7EC2EA9020D73D4A00DF5946 /* Release */ = {
			isa = XCBuildConfiguration;
			buildSettings = {
				ALWAYS_SEARCH_USER_PATHS = NO;
				CLANG_ANALYZER_NONNULL = YES;
				CLANG_ANALYZER_NUMBER_OBJECT_CONVERSION = YES_AGGRESSIVE;
				CLANG_CXX_LANGUAGE_STANDARD = "gnu++14";
				CLANG_CXX_LIBRARY = "libc++";
				CLANG_ENABLE_MODULES = YES;
				CLANG_ENABLE_OBJC_ARC = YES;
				CLANG_ENABLE_OBJC_WEAK = YES;
				CLANG_WARN_BLOCK_CAPTURE_AUTORELEASING = YES;
				CLANG_WARN_BOOL_CONVERSION = YES;
				CLANG_WARN_COMMA = YES;
				CLANG_WARN_CONSTANT_CONVERSION = YES;
				CLANG_WARN_DEPRECATED_OBJC_IMPLEMENTATIONS = YES;
				CLANG_WARN_DIRECT_OBJC_ISA_USAGE = YES_ERROR;
				CLANG_WARN_DOCUMENTATION_COMMENTS = YES;
				CLANG_WARN_EMPTY_BODY = YES;
				CLANG_WARN_ENUM_CONVERSION = YES;
				CLANG_WARN_INFINITE_RECURSION = YES;
				CLANG_WARN_INT_CONVERSION = YES;
				CLANG_WARN_NON_LITERAL_NULL_CONVERSION = YES;
				CLANG_WARN_OBJC_IMPLICIT_RETAIN_SELF = YES;
				CLANG_WARN_OBJC_LITERAL_CONVERSION = YES;
				CLANG_WARN_OBJC_ROOT_CLASS = YES_ERROR;
				CLANG_WARN_RANGE_LOOP_ANALYSIS = YES;
				CLANG_WARN_STRICT_PROTOTYPES = YES;
				CLANG_WARN_SUSPICIOUS_MOVE = YES;
				CLANG_WARN_UNGUARDED_AVAILABILITY = YES_AGGRESSIVE;
				CLANG_WARN_UNREACHABLE_CODE = YES;
				CLANG_WARN__DUPLICATE_METHOD_MATCH = YES;
				CODE_SIGN_IDENTITY = "iPhone Developer";
				COPY_PHASE_STRIP = NO;
				DEBUG_INFORMATION_FORMAT = "dwarf-with-dsym";
				ENABLE_NS_ASSERTIONS = NO;
				ENABLE_STRICT_OBJC_MSGSEND = YES;
				GCC_C_LANGUAGE_STANDARD = gnu11;
				GCC_NO_COMMON_BLOCKS = YES;
				GCC_WARN_64_TO_32_BIT_CONVERSION = YES;
				GCC_WARN_ABOUT_RETURN_TYPE = YES_ERROR;
				GCC_WARN_UNDECLARED_SELECTOR = YES;
				GCC_WARN_UNINITIALIZED_AUTOS = YES_AGGRESSIVE;
				GCC_WARN_UNUSED_FUNCTION = YES;
				GCC_WARN_UNUSED_VARIABLE = YES;
				IPHONEOS_DEPLOYMENT_TARGET = 11.4;
				MTL_ENABLE_DEBUG_INFO = NO;
				SDKROOT = iphoneos;
				SWIFT_COMPILATION_MODE = wholemodule;
				SWIFT_OPTIMIZATION_LEVEL = "-O";
				VALIDATE_PRODUCT = YES;
			};
			name = Release;
		};
		7EC2EA9220D73D4A00DF5946 /* Debug */ = {
			isa = XCBuildConfiguration;
			buildSettings = {
				ASSETCATALOG_COMPILER_APPICON_NAME = AppIcon;
				CODE_SIGN_ENTITLEMENTS = Contacts2/Contacts2.entitlements;
				CODE_SIGN_STYLE = Automatic;
				DEVELOPMENT_TEAM = DBM67E5D74;
				INFOPLIST_FILE = "$(SRCROOT)/Contacts2/Resources/Info.plist";
				LD_RUNPATH_SEARCH_PATHS = (
					"$(inherited)",
					"@executable_path/Frameworks",
				);
				PRODUCT_BUNDLE_IDENTIFIER = com.adammoskovich.Contacts2;
				PRODUCT_NAME = "$(TARGET_NAME)";
				SWIFT_VERSION = 4.0;
				TARGETED_DEVICE_FAMILY = "1,2";
			};
			name = Debug;
		};
		7EC2EA9320D73D4A00DF5946 /* Release */ = {
			isa = XCBuildConfiguration;
			buildSettings = {
				ASSETCATALOG_COMPILER_APPICON_NAME = AppIcon;
				CODE_SIGN_ENTITLEMENTS = Contacts2/Contacts2.entitlements;
				CODE_SIGN_STYLE = Automatic;
				DEVELOPMENT_TEAM = DBM67E5D74;
				INFOPLIST_FILE = "$(SRCROOT)/Contacts2/Resources/Info.plist";
				LD_RUNPATH_SEARCH_PATHS = (
					"$(inherited)",
					"@executable_path/Frameworks",
				);
				PRODUCT_BUNDLE_IDENTIFIER = com.adammoskovich.Contacts2;
				PRODUCT_NAME = "$(TARGET_NAME)";
				SWIFT_VERSION = 4.0;
				TARGETED_DEVICE_FAMILY = "1,2";
			};
			name = Release;
		};
/* End XCBuildConfiguration section */

/* Begin XCConfigurationList section */
		7EC2EA7A20D73D4900DF5946 /* Build configuration list for PBXProject "Contacts2" */ = {
			isa = XCConfigurationList;
			buildConfigurations = (
				7EC2EA8F20D73D4A00DF5946 /* Debug */,
				7EC2EA9020D73D4A00DF5946 /* Release */,
			);
			defaultConfigurationIsVisible = 0;
			defaultConfigurationName = Release;
		};
		7EC2EA9120D73D4A00DF5946 /* Build configuration list for PBXNativeTarget "Contacts2" */ = {
			isa = XCConfigurationList;
			buildConfigurations = (
				7EC2EA9220D73D4A00DF5946 /* Debug */,
				7EC2EA9320D73D4A00DF5946 /* Release */,
			);
			defaultConfigurationIsVisible = 0;
			defaultConfigurationName = Release;
		};
/* End XCConfigurationList section */
	};
	rootObject = 7EC2EA7720D73D4900DF5946 /* Project object */;
}
